
Microsoft Visual Studio Solution File, Format Version 12.00
# Visual Studio Version 17
VisualStudioVersion = 17.5.002.0
MinimumVisualStudioVersion = 10.0.40219.1
Project("{9A19103F-16F7-4668-BE54-9A1E7A4F7556}") = "module3_assignment", "module3_assignment.csproj", "{63B0E9E1-2151-4402-8F10-9956A42D60E5}"
EndProject
Global
	GlobalSection(SolutionConfigurationPlatforms) = preSolution
		Debug|Any CPU = Debug|Any CPU
		Release|Any CPU = Release|Any CPU
	EndGlobalSection
	GlobalSection(ProjectConfigurationPlatforms) = postSolution
		{63B0E9E1-2151-4402-8F10-9956A42D60E5}.Debug|Any CPU.ActiveCfg = Debug|Any CPU
		{63B0E9E1-2151-4402-8F10-9956A42D60E5}.Debug|Any CPU.Build.0 = Debug|Any CPU
		{63B0E9E1-2151-4402-8F10-9956A42D60E5}.Release|Any CPU.ActiveCfg = Release|Any CPU
		{63B0E9E1-2151-4402-8F10-9956A42D60E5}.Release|Any CPU.Build.0 = Release|Any CPU
	EndGlobalSection
	GlobalSection(SolutionProperties) = preSolution
		HideSolutionNode = FALSE
	EndGlobalSection
	GlobalSection(ExtensibilityGlobals) = postSolution
		SolutionGuid = {E500E83E-85FA-405A-9CA5-D907ABE4D3AE}
	EndGlobalSection
EndGlobal
